
Microsoft Visual Studio Solution File, Format Version 12.00
# Visual Studio 15
VisualStudioVersion = 15.0.27703.2035
MinimumVisualStudioVersion = 10.0.40219.1
Project("{F184B08F-C81C-45F6-A57F-5ABD9991F28F}") = "NO CELLS", "NO CELLS\NO CELLS.vbproj", "{57F0FB3A-73F4-459A-BF07-BA721F35D0A0}"
EndProject
Global
	GlobalSection(SolutionConfigurationPlatforms) = preSolution
		Debug|Any CPU = Debug|Any CPU
		Release|Any CPU = Release|Any CPU
	EndGlobalSection
	GlobalSection(ProjectConfigurationPlatforms) = postSolution
		{57F0FB3A-73F4-459A-BF07-BA721F35D0A0}.Debug|Any CPU.ActiveCfg = Debug|Any CPU
		{57F0FB3A-73F4-459A-BF07-BA721F35D0A0}.Debug|Any CPU.Build.0 = Debug|Any CPU
		{57F0FB3A-73F4-459A-BF07-BA721F35D0A0}.Release|Any CPU.ActiveCfg = Release|Any CPU
		{57F0FB3A-73F4-459A-BF07-BA721F35D0A0}.Release|Any CPU.Build.0 = Release|Any CPU
	EndGlobalSection
	GlobalSection(SolutionProperties) = preSolution
		HideSolutionNode = FALSE
	EndGlobalSection
	GlobalSection(ExtensibilityGlobals) = postSolution
		SolutionGuid = {1AD44F8B-9532-429A-80AC-10D7A5A31EFA}
	EndGlobalSection
EndGlobal
